
Microsoft Visual Studio Solution File, Format Version 12.00
# Visual Studio Version 17
VisualStudioVersion = 17.5.33627.172
MinimumVisualStudioVersion = 10.0.40219.1
Project("{FAE04EC0-301F-11D3-BF4B-00C04F79EFBC}") = "KPMGJenkinsDocker", "KPMGJenkinsDocker.csproj", "{AE42CA29-DAE0-44AB-AB63-17CDE3D12BED}"
EndProject
Global
	GlobalSection(SolutionConfigurationPlatforms) = preSolution
		Debug|Any CPU = Debug|Any CPU
		Release|Any CPU = Release|Any CPU
	EndGlobalSection
	GlobalSection(ProjectConfigurationPlatforms) = postSolution
		{AE42CA29-DAE0-44AB-AB63-17CDE3D12BED}.Debug|Any CPU.ActiveCfg = Debug|Any CPU
		{AE42CA29-DAE0-44AB-AB63-17CDE3D12BED}.Debug|Any CPU.Build.0 = Debug|Any CPU
		{AE42CA29-DAE0-44AB-AB63-17CDE3D12BED}.Release|Any CPU.ActiveCfg = Release|Any CPU
		{AE42CA29-DAE0-44AB-AB63-17CDE3D12BED}.Release|Any CPU.Build.0 = Release|Any CPU
	EndGlobalSection
	GlobalSection(SolutionProperties) = preSolution
		HideSolutionNode = FALSE
	EndGlobalSection
	GlobalSection(ExtensibilityGlobals) = postSolution
		SolutionGuid = {6008F83F-0265-490D-8FED-FFD4BEF24631}
	EndGlobalSection
EndGlobal
